
Microsoft Visual Studio Solution File, Format Version 12.00
# Visual Studio Version 16
VisualStudioVersion = 16.0.31410.357
MinimumVisualStudioVersion = 10.0.40219.1
Project("{FAE04EC0-301F-11D3-BF4B-00C04F79EFBC}") = "AutoTyper 1.0", "AutoTyper 1.0\AutoTyper 1.0.csproj", "{1BC6C0BB-90BE-4217-9D91-68169EDAC40E}"
EndProject
Global
	GlobalSection(SolutionConfigurationPlatforms) = preSolution
		Debug|Any CPU = Debug|Any CPU
		Release|Any CPU = Release|Any CPU
	EndGlobalSection
	GlobalSection(ProjectConfigurationPlatforms) = postSolution
		{1BC6C0BB-90BE-4217-9D91-68169EDAC40E}.Debug|Any CPU.ActiveCfg = Debug|Any CPU
		{1BC6C0BB-90BE-4217-9D91-68169EDAC40E}.Debug|Any CPU.Build.0 = Debug|Any CPU
		{1BC6C0BB-90BE-4217-9D91-68169EDAC40E}.Release|Any CPU.ActiveCfg = Release|Any CPU
		{1BC6C0BB-90BE-4217-9D91-68169EDAC40E}.Release|Any CPU.Build.0 = Release|Any CPU
	EndGlobalSection
	GlobalSection(SolutionProperties) = preSolution
		HideSolutionNode = FALSE
	EndGlobalSection
	GlobalSection(ExtensibilityGlobals) = postSolution
		SolutionGuid = {E852672E-A422-44E7-B2D7-586253BC9A84}
	EndGlobalSection
EndGlobal
